
Microsoft Visual Studio Solution File, Format Version 12.00
# Visual Studio Version 16
VisualStudioVersion = 16.0.30907.101
MinimumVisualStudioVersion = 10.0.40219.1
Project("{9A19103F-16F7-4668-BE54-9A1E7A4F7556}") = "api.fakebook", "api.fakebook\api.fakebook.csproj", "{774AE55C-AC6D-449F-9966-42CEF3B2C116}"
EndProject
Project("{9A19103F-16F7-4668-BE54-9A1E7A4F7556}") = "api.fakebookTests", "api.fakebookTests\api.fakebookTests.csproj", "{2024F4FF-BEFC-4BB4-A543-EC689F0414AD}"
EndProject
Project("{9A19103F-16F7-4668-BE54-9A1E7A4F7556}") = "fakebook", "..\..\fakebook\fakebook\fakebook.csproj", "{BF3D62E2-484D-4A15-8FB3-26DA27CCDF5E}"
EndProject
Global
	GlobalSection(SolutionConfigurationPlatforms) = preSolution
		Debug|Any CPU = Debug|Any CPU
		Release|Any CPU = Release|Any CPU
	EndGlobalSection
	GlobalSection(ProjectConfigurationPlatforms) = postSolution
		{774AE55C-AC6D-449F-9966-42CEF3B2C116}.Debug|Any CPU.ActiveCfg = Debug|Any CPU
		{774AE55C-AC6D-449F-9966-42CEF3B2C116}.Debug|Any CPU.Build.0 = Debug|Any CPU
		{774AE55C-AC6D-449F-9966-42CEF3B2C116}.Release|Any CPU.ActiveCfg = Release|Any CPU
		{774AE55C-AC6D-449F-9966-42CEF3B2C116}.Release|Any CPU.Build.0 = Release|Any CPU
		{2024F4FF-BEFC-4BB4-A543-EC689F0414AD}.Debug|Any CPU.ActiveCfg = Debug|Any CPU
		{2024F4FF-BEFC-4BB4-A543-EC689F0414AD}.Debug|Any CPU.Build.0 = Debug|Any CPU
		{2024F4FF-BEFC-4BB4-A543-EC689F0414AD}.Release|Any CPU.ActiveCfg = Release|Any CPU
		{2024F4FF-BEFC-4BB4-A543-EC689F0414AD}.Release|Any CPU.Build.0 = Release|Any CPU
		{BF3D62E2-484D-4A15-8FB3-26DA27CCDF5E}.Debug|Any CPU.ActiveCfg = Debug|Any CPU
		{BF3D62E2-484D-4A15-8FB3-26DA27CCDF5E}.Debug|Any CPU.Build.0 = Debug|Any CPU
		{BF3D62E2-484D-4A15-8FB3-26DA27CCDF5E}.Release|Any CPU.ActiveCfg = Release|Any CPU
		{BF3D62E2-484D-4A15-8FB3-26DA27CCDF5E}.Release|Any CPU.Build.0 = Release|Any CPU
	EndGlobalSection
	GlobalSection(SolutionProperties) = preSolution
		HideSolutionNode = FALSE
	EndGlobalSection
	GlobalSection(ExtensibilityGlobals) = postSolution
		SolutionGuid = {76C57AE8-BD39-4676-8716-633FC0298350}
	EndGlobalSection
EndGlobal
